
Microsoft Visual Studio Solution File, Format Version 12.00
# Visual Studio Version 17
VisualStudioVersion = 17.7.34018.315
MinimumVisualStudioVersion = 10.0.40219.1
Project("{9A19103F-16F7-4668-BE54-9A1E7A4F7556}") = "WinFormsApp1", "WinFormsApp1\WinFormsApp1.csproj", "{619CE95A-B687-48D1-888C-34D5ABB4CA80}"
EndProject
Project("{FAE04EC0-301F-11D3-BF4B-00C04F79EFBC}") = "WpfApp", "WpfApp\WpfApp.csproj", "{3092FAF3-5C37-4F75-9E5B-157F94396E86}"
EndProject
Project("{FAE04EC0-301F-11D3-BF4B-00C04F79EFBC}") = "UniApp", "UniApp\UniApp.csproj", "{13A34DF7-36FC-4FC0-BA55-0762CF0E6F2F}"
EndProject
Project("{FAE04EC0-301F-11D3-BF4B-00C04F79EFBC}") = "MauiApp1", "MauiApp1\MauiApp1.csproj", "{4DBB57B3-D3CD-4936-969C-E516F564FCDF}"
EndProject
Global
	GlobalSection(SolutionConfigurationPlatforms) = preSolution
		Debug|Any CPU = Debug|Any CPU
		Debug|ARM = Debug|ARM
		Debug|ARM64 = Debug|ARM64
		Debug|x64 = Debug|x64
		Debug|x86 = Debug|x86
		Release|Any CPU = Release|Any CPU
		Release|ARM = Release|ARM
		Release|ARM64 = Release|ARM64
		Release|x64 = Release|x64
		Release|x86 = Release|x86
	EndGlobalSection
	GlobalSection(ProjectConfigurationPlatforms) = postSolution
		{619CE95A-B687-48D1-888C-34D5ABB4CA80}.Debug|Any CPU.ActiveCfg = Debug|Any CPU
		{619CE95A-B687-48D1-888C-34D5ABB4CA80}.Debug|Any CPU.Build.0 = Debug|Any CPU
		{619CE95A-B687-48D1-888C-34D5ABB4CA80}.Debug|ARM.ActiveCfg = Debug|Any CPU
		{619CE95A-B687-48D1-888C-34D5ABB4CA80}.Debug|ARM.Build.0 = Debug|Any CPU
		{619CE95A-B687-48D1-888C-34D5ABB4CA80}.Debug|ARM64.ActiveCfg = Debug|Any CPU
		{619CE95A-B687-48D1-888C-34D5ABB4CA80}.Debug|ARM64.Build.0 = Debug|Any CPU
		{619CE95A-B687-48D1-888C-34D5ABB4CA80}.Debug|x64.ActiveCfg = Debug|Any CPU
		{619CE95A-B687-48D1-888C-34D5ABB4CA80}.Debug|x64.Build.0 = Debug|Any CPU
		{619CE95A-B687-48D1-888C-34D5ABB4CA80}.Debug|x86.ActiveCfg = Debug|Any CPU
		{619CE95A-B687-48D1-888C-34D5ABB4CA80}.Debug|x86.Build.0 = Debug|Any CPU
		{619CE95A-B687-48D1-888C-34D5ABB4CA80}.Release|Any CPU.ActiveCfg = Release|Any CPU
		{619CE95A-B687-48D1-888C-34D5ABB4CA80}.Release|Any CPU.Build.0 = Release|Any CPU
		{619CE95A-B687-48D1-888C-34D5ABB4CA80}.Release|ARM.ActiveCfg = Release|Any CPU
		{619CE95A-B687-48D1-888C-34D5ABB4CA80}.Release|ARM.Build.0 = Release|Any CPU
		{619CE95A-B687-48D1-888C-34D5ABB4CA80}.Release|ARM64.ActiveCfg = Release|Any CPU
		{619CE95A-B687-48D1-888C-34D5ABB4CA80}.Release|ARM64.Build.0 = Release|Any CPU
		{619CE95A-B687-48D1-888C-34D5ABB4CA80}.Release|x64.ActiveCfg = Release|Any CPU
		{619CE95A-B687-48D1-888C-34D5ABB4CA80}.Release|x64.Build.0 = Release|Any CPU
		{619CE95A-B687-48D1-888C-34D5ABB4CA80}.Release|x86.ActiveCfg = Release|Any CPU
		{619CE95A-B687-48D1-888C-34D5ABB4CA80}.Release|x86.Build.0 = Release|Any CPU
		{3092FAF3-5C37-4F75-9E5B-157F94396E86}.Debug|Any CPU.ActiveCfg = Debug|Any CPU
		{3092FAF3-5C37-4F75-9E5B-157F94396E86}.Debug|Any CPU.Build.0 = Debug|Any CPU
		{3092FAF3-5C37-4F75-9E5B-157F94396E86}.Debug|ARM.ActiveCfg = Debug|Any CPU
		{3092FAF3-5C37-4F75-9E5B-157F94396E86}.Debug|ARM.Build.0 = Debug|Any CPU
		{3092FAF3-5C37-4F75-9E5B-157F94396E86}.Debug|ARM64.ActiveCfg = Debug|Any CPU
		{3092FAF3-5C37-4F75-9E5B-157F94396E86}.Debug|ARM64.Build.0 = Debug|Any CPU
		{3092FAF3-5C37-4F75-9E5B-157F94396E86}.Debug|x64.ActiveCfg = Debug|Any CPU
		{3092FAF3-5C37-4F75-9E5B-157F94396E86}.Debug|x64.Build.0 = Debug|Any CPU
		{3092FAF3-5C37-4F75-9E5B-157F94396E86}.Debug|x86.ActiveCfg = Debug|Any CPU
		{3092FAF3-5C37-4F75-9E5B-157F94396E86}.Debug|x86.Build.0 = Debug|Any CPU
		{3092FAF3-5C37-4F75-9E5B-157F94396E86}.Release|Any CPU.ActiveCfg = Release|Any CPU
		{3092FAF3-5C37-4F75-9E5B-157F94396E86}.Release|Any CPU.Build.0 = Release|Any CPU
		{3092FAF3-5C37-4F75-9E5B-157F94396E86}.Release|ARM.ActiveCfg = Release|Any CPU
		{3092FAF3-5C37-4F75-9E5B-157F94396E86}.Release|ARM.Build.0 = Release|Any CPU
		{3092FAF3-5C37-4F75-9E5B-157F94396E86}.Release|ARM64.ActiveCfg = Release|Any CPU
		{3092FAF3-5C37-4F75-9E5B-157F94396E86}.Release|ARM64.Build.0 = Release|Any CPU
		{3092FAF3-5C37-4F75-9E5B-157F94396E86}.Release|x64.ActiveCfg = Release|Any CPU
		{3092FAF3-5C37-4F75-9E5B-157F94396E86}.Release|x64.Build.0 = Release|Any CPU
		{3092FAF3-5C37-4F75-9E5B-157F94396E86}.Release|x86.ActiveCfg = Release|Any CPU
		{3092FAF3-5C37-4F75-9E5B-157F94396E86}.Release|x86.Build.0 = Release|Any CPU
		{13A34DF7-36FC-4FC0-BA55-0762CF0E6F2F}.Debug|Any CPU.ActiveCfg = Debug|x64
		{13A34DF7-36FC-4FC0-BA55-0762CF0E6F2F}.Debug|Any CPU.Build.0 = Debug|x64
		{13A34DF7-36FC-4FC0-BA55-0762CF0E6F2F}.Debug|Any CPU.Deploy.0 = Debug|x64
		{13A34DF7-36FC-4FC0-BA55-0762CF0E6F2F}.Debug|ARM.ActiveCfg = Debug|ARM
		{13A34DF7-36FC-4FC0-BA55-0762CF0E6F2F}.Debug|ARM.Build.0 = Debug|ARM
		{13A34DF7-36FC-4FC0-BA55-0762CF0E6F2F}.Debug|ARM.Deploy.0 = Debug|ARM
		{13A34DF7-36FC-4FC0-BA55-0762CF0E6F2F}.Debug|ARM64.ActiveCfg = Debug|ARM64
		{13A34DF7-36FC-4FC0-BA55-0762CF0E6F2F}.Debug|ARM64.Build.0 = Debug|ARM64
		{13A34DF7-36FC-4FC0-BA55-0762CF0E6F2F}.Debug|ARM64.Deploy.0 = Debug|ARM64
		{13A34DF7-36FC-4FC0-BA55-0762CF0E6F2F}.Debug|x64.ActiveCfg = Debug|x64
		{13A34DF7-36FC-4FC0-BA55-0762CF0E6F2F}.Debug|x64.Build.0 = Debug|x64
		{13A34DF7-36FC-4FC0-BA55-0762CF0E6F2F}.Debug|x64.Deploy.0 = Debug|x64
		{13A34DF7-36FC-4FC0-BA55-0762CF0E6F2F}.Debug|x86.ActiveCfg = Debug|x86
		{13A34DF7-36FC-4FC0-BA55-0762CF0E6F2F}.Debug|x86.Build.0 = Debug|x86
		{13A34DF7-36FC-4FC0-BA55-0762CF0E6F2F}.Debug|x86.Deploy.0 = Debug|x86
		{13A34DF7-36FC-4FC0-BA55-0762CF0E6F2F}.Release|Any CPU.ActiveCfg = Release|x64
		{13A34DF7-36FC-4FC0-BA55-0762CF0E6F2F}.Release|Any CPU.Build.0 = Release|x64
		{13A34DF7-36FC-4FC0-BA55-0762CF0E6F2F}.Release|Any CPU.Deploy.0 = Release|x64
		{13A34DF7-36FC-4FC0-BA55-0762CF0E6F2F}.Release|ARM.ActiveCfg = Release|ARM
		{13A34DF7-36FC-4FC0-BA55-0762CF0E6F2F}.Release|ARM.Build.0 = Release|ARM
		{13A34DF7-36FC-4FC0-BA55-0762CF0E6F2F}.Release|ARM.Deploy.0 = Release|ARM
		{13A34DF7-36FC-4FC0-BA55-0762CF0E6F2F}.Release|ARM64.ActiveCfg = Release|ARM64
		{13A34DF7-36FC-4FC0-BA55-0762CF0E6F2F}.Release|ARM64.Build.0 = Release|ARM64
		{13A34DF7-36FC-4FC0-BA55-0762CF0E6F2F}.Release|ARM64.Deploy.0 = Release|ARM64
		{13A34DF7-36FC-4FC0-BA55-0762CF0E6F2F}.Release|x64.ActiveCfg = Release|x64
		{13A34DF7-36FC-4FC0-BA55-0762CF0E6F2F}.Release|x64.Build.0 = Release|x64
		{13A34DF7-36FC-4FC0-BA55-0762CF0E6F2F}.Release|x64.Deploy.0 = Release|x64
		{13A34DF7-36FC-4FC0-BA55-0762CF0E6F2F}.Release|x86.ActiveCfg = Release|x86
		{13A34DF7-36FC-4FC0-BA55-0762CF0E6F2F}.Release|x86.Build.0 = Release|x86
		{13A34DF7-36FC-4FC0-BA55-0762CF0E6F2F}.Release|x86.Deploy.0 = Release|x86
		{4DBB57B3-D3CD-4936-969C-E516F564FCDF}.Debug|Any CPU.ActiveCfg = Debug|Any CPU
		{4DBB57B3-D3CD-4936-969C-E516F564FCDF}.Debug|Any CPU.Build.0 = Debug|Any CPU
		{4DBB57B3-D3CD-4936-969C-E516F564FCDF}.Debug|Any CPU.Deploy.0 = Debug|Any CPU
		{4DBB57B3-D3CD-4936-969C-E516F564FCDF}.Debug|ARM.ActiveCfg = Debug|Any CPU
		{4DBB57B3-D3CD-4936-969C-E516F564FCDF}.Debug|ARM.Build.0 = Debug|Any CPU
		{4DBB57B3-D3CD-4936-969C-E516F564FCDF}.Debug|ARM.Deploy.0 = Debug|Any CPU
		{4DBB57B3-D3CD-4936-969C-E516F564FCDF}.Debug|ARM64.ActiveCfg = Debug|Any CPU
		{4DBB57B3-D3CD-4936-969C-E516F564FCDF}.Debug|ARM64.Build.0 = Debug|Any CPU
		{4DBB57B3-D3CD-4936-969C-E516F564FCDF}.Debug|ARM64.Deploy.0 = Debug|Any CPU
		{4DBB57B3-D3CD-4936-969C-E516F564FCDF}.Debug|x64.ActiveCfg = Debug|Any CPU
		{4DBB57B3-D3CD-4936-969C-E516F564FCDF}.Debug|x64.Build.0 = Debug|Any CPU
		{4DBB57B3-D3CD-4936-969C-E516F564FCDF}.Debug|x64.Deploy.0 = Debug|Any CPU
		{4DBB57B3-D3CD-4936-969C-E516F564FCDF}.Debug|x86.ActiveCfg = Debug|Any CPU
		{4DBB57B3-D3CD-4936-969C-E516F564FCDF}.Debug|x86.Build.0 = Debug|Any CPU
		{4DBB57B3-D3CD-4936-969C-E516F564FCDF}.Debug|x86.Deploy.0 = Debug|Any CPU
		{4DBB57B3-D3CD-4936-969C-E516F564FCDF}.Release|Any CPU.ActiveCfg = Release|Any CPU
		{4DBB57B3-D3CD-4936-969C-E516F564FCDF}.Release|Any CPU.Build.0 = Release|Any CPU
		{4DBB57B3-D3CD-4936-969C-E516F564FCDF}.Release|Any CPU.Deploy.0 = Release|Any CPU
		{4DBB57B3-D3CD-4936-969C-E516F564FCDF}.Release|ARM.ActiveCfg = Release|Any CPU
		{4DBB57B3-D3CD-4936-969C-E516F564FCDF}.Release|ARM.Build.0 = Release|Any CPU
		{4DBB57B3-D3CD-4936-969C-E516F564FCDF}.Release|ARM.Deploy.0 = Release|Any CPU
		{4DBB57B3-D3CD-4936-969C-E516F564FCDF}.Release|ARM64.ActiveCfg = Release|Any CPU
		{4DBB57B3-D3CD-4936-969C-E516F564FCDF}.Release|ARM64.Build.0 = Release|Any CPU
		{4DBB57B3-D3CD-4936-969C-E516F564FCDF}.Release|ARM64.Deploy.0 = Release|Any CPU
		{4DBB57B3-D3CD-4936-969C-E516F564FCDF}.Release|x64.ActiveCfg = Release|Any CPU
		{4DBB57B3-D3CD-4936-969C-E516F564FCDF}.Release|x64.Build.0 = Release|Any CPU
		{4DBB57B3-D3CD-4936-969C-E516F564FCDF}.Release|x64.Deploy.0 = Release|Any CPU
		{4DBB57B3-D3CD-4936-969C-E516F564FCDF}.Release|x86.ActiveCfg = Release|Any CPU
		{4DBB57B3-D3CD-4936-969C-E516F564FCDF}.Release|x86.Build.0 = Release|Any CPU
		{4DBB57B3-D3CD-4936-969C-E516F564FCDF}.Release|x86.Deploy.0 = Release|Any CPU
	EndGlobalSection
	GlobalSection(SolutionProperties) = preSolution
		HideSolutionNode = FALSE
	EndGlobalSection
	GlobalSection(ExtensibilityGlobals) = postSolution
		SolutionGuid = {4C50C8A6-67D4-46D0-BE01-69A18F531911}
	EndGlobalSection
EndGlobal
