
Microsoft Visual Studio Solution File, Format Version 12.00
# Visual Studio Version 17
VisualStudioVersion = 17.7.34018.315
MinimumVisualStudioVersion = 10.0.40219.1
Project("{9A19103F-16F7-4668-BE54-9A1E7A4F7556}") = "01_DataLogging.Test", "01_DataLogging.Test\01_DataLogging.Test.csproj", "{016034B7-689F-4A1E-A8FC-0C9FAE225BFF}"
EndProject
Project("{FAE04EC0-301F-11D3-BF4B-00C04F79EFBC}") = "01_DataLogging", "01_DataLogging\01_DataLogging.csproj", "{AB11C41D-D057-40B8-A181-7021E4B49729}"
EndProject
Global
	GlobalSection(SolutionConfigurationPlatforms) = preSolution
		Debug|Any CPU = Debug|Any CPU
		Release|Any CPU = Release|Any CPU
	EndGlobalSection
	GlobalSection(ProjectConfigurationPlatforms) = postSolution
		{016034B7-689F-4A1E-A8FC-0C9FAE225BFF}.Debug|Any CPU.ActiveCfg = Debug|Any CPU
		{016034B7-689F-4A1E-A8FC-0C9FAE225BFF}.Debug|Any CPU.Build.0 = Debug|Any CPU
		{016034B7-689F-4A1E-A8FC-0C9FAE225BFF}.Release|Any CPU.ActiveCfg = Release|Any CPU
		{016034B7-689F-4A1E-A8FC-0C9FAE225BFF}.Release|Any CPU.Build.0 = Release|Any CPU
		{AB11C41D-D057-40B8-A181-7021E4B49729}.Debug|Any CPU.ActiveCfg = Debug|Any CPU
		{AB11C41D-D057-40B8-A181-7021E4B49729}.Debug|Any CPU.Build.0 = Debug|Any CPU
		{AB11C41D-D057-40B8-A181-7021E4B49729}.Release|Any CPU.ActiveCfg = Release|Any CPU
		{AB11C41D-D057-40B8-A181-7021E4B49729}.Release|Any CPU.Build.0 = Release|Any CPU
	EndGlobalSection
	GlobalSection(SolutionProperties) = preSolution
		HideSolutionNode = FALSE
	EndGlobalSection
	GlobalSection(ExtensibilityGlobals) = postSolution
		SolutionGuid = {9B903381-6258-4565-8F55-CBF580AD769F}
	EndGlobalSection
EndGlobal
